
Microsoft Visual Studio Solution File, Format Version 12.00
# Visual Studio Version 17
VisualStudioVersion = 17.9.34701.34
MinimumVisualStudioVersion = 10.0.40219.1
Project("{9A19103F-16F7-4668-BE54-9A1E7A4F7556}") = "BlackJack", "BlackJack.csproj", "{80AB338F-B4B6-4775-8914-9BF046FE7DD9}"
EndProject
Global
	GlobalSection(SolutionConfigurationPlatforms) = preSolution
		Debug|Any CPU = Debug|Any CPU
		Release|Any CPU = Release|Any CPU
	EndGlobalSection
	GlobalSection(ProjectConfigurationPlatforms) = postSolution
		{80AB338F-B4B6-4775-8914-9BF046FE7DD9}.Debug|Any CPU.ActiveCfg = Debug|Any CPU
		{80AB338F-B4B6-4775-8914-9BF046FE7DD9}.Debug|Any CPU.Build.0 = Debug|Any CPU
		{80AB338F-B4B6-4775-8914-9BF046FE7DD9}.Release|Any CPU.ActiveCfg = Release|Any CPU
		{80AB338F-B4B6-4775-8914-9BF046FE7DD9}.Release|Any CPU.Build.0 = Release|Any CPU
	EndGlobalSection
	GlobalSection(SolutionProperties) = preSolution
		HideSolutionNode = FALSE
	EndGlobalSection
	GlobalSection(ExtensibilityGlobals) = postSolution
		SolutionGuid = {EE53720B-2C32-447C-8BD8-2F5EFE300333}
	EndGlobalSection
EndGlobal
